<?xml version="1.0" encoding="utf-8"?>
<Project ToolsVersion="4.0" xmlns="http://schemas.microsoft.com/developer/msbuild/2003">
  <ItemGroup>
    <Filter Include="Source Files">
      <UniqueIdentifier>{4FC737F1-C7A5-4376-A066-2A32D752A2FF}</UniqueIdentifier>
      <Extensions>cpp;c;cc;cxx;def;odl;idl;hpj;bat;asm;asmx</Extensions>
    </Filter>
    <Filter Include="Header Files">
      <UniqueIdentifier>{93995380-89BD-4b04-88EB-625FBE52EBFB}</UniqueIdentifier>
      <Extensions>h;hh;hpp;hxx;hm;inl;inc;xsd</Extensions>
    </Filter>
    <Filter Include="Resource Files">
      <UniqueIdentifier>{67DA6AB6-F800-4c08-8B7A-83BB121AAD01}</UniqueIdentifier>
      <Extensions>rc;ico;cur;bmp;dlg;rc2;rct;bin;rgs;gif;jpg;jpeg;jpe;resx;tiff;tif;png;wav;mfcribbon-ms</Extensions>
    </Filter>
    <Filter Include="Header Files\Comparator">
      <UniqueIdentifier>{c32da161-5b3d-4205-b064-c43844bd7f75}</UniqueIdentifier>
    </Filter>
    <Filter Include="Source Files\Buffer">
      <UniqueIdentifier>{0ef48299-04ae-4d9c-bf66-e14594402d39}</UniqueIdentifier>
    </Filter>
    <Filter Include="Source Files\Comparator">
      <UniqueIdentifier>{ea8f516e-75b4-4101-be12-066c63876199}</UniqueIdentifier>
    </Filter>
    <Filter Include="Header Files\Buffer">
      <UniqueIdentifier>{d1c892a3-56a1-481e-9a48-d6b592a91205}</UniqueIdentifier>
    </Filter>
    <Filter Include="Header Files\Config">
      <UniqueIdentifier>{03e3606e-a0c4-4659-b061-5decfe09e5d8}</UniqueIdentifier>
    </Filter>
  </ItemGroup>
  <ItemGroup>
    <ClCompile Include="main.cpp">
      <Filter>Source Files</Filter>
    </ClCompile>
    <ClCompile Include="Buffer\SubstringBuffer.cpp">
      <Filter>Source Files\Buffer</Filter>
    </ClCompile>
    <ClCompile Include="Comparator\SubstringComparator.cpp">
      <Filter>Source Files\Comparator</Filter>
    </ClCompile>
  </ItemGroup>
  <ItemGroup>
    <ClInclude Include="Buffer\Buffer.h">
      <Filter>Header Files\Buffer</Filter>
    </ClInclude>
    <ClInclude Include="Buffer\SubstringBuffer.h">
      <Filter>Header Files\Buffer</Filter>
    </ClInclude>
    <ClInclude Include="Buffer\SubstringAttributes.h">
      <Filter>Header Files\Buffer</Filter>
    </ClInclude>
    <ClInclude Include="Comparator\PatternComparator.h">
      <Filter>Header Files\Comparator</Filter>
    </ClInclude>
    <ClInclude Include="Comparator\SubstringComparator.h">
      <Filter>Header Files\Comparator</Filter>
    </ClInclude>
    <ClInclude Include="Config\config.h">
      <Filter>Header Files\Config</Filter>
    </ClInclude>
  </ItemGroup>
</Project>